lockVersion: 2.0.0
id: 648e6c51-9c37-44ff-8f19-c31b2b804cfe
management:
  docChecksum: 7c524b4be7afdadc4b2f448072865ac4
  docVersion: 1.0.0
  speakeasyVersion: 1.321.0
  generationVersion: 2.354.2
  releaseVersion: 0.0.1
  configChecksum: a39f1d8de66da4c51ffd4e7a39fc06f3
features:
  typescript:
    additionalDependencies: 0.1.0
    constsAndDefaults: 0.1.5
    core: 3.10.2
    devContainers: 2.90.0
    globalSecurity: 2.82.9
    globalSecurityCallbacks: 0.1.0
    globalSecurityFlattening: 0.1.0
    globalServerURLs: 2.82.4
    responseFormat: 0.2.3
    sdkHooks: 0.1.0
generatedFiles:
  - src/sdk/pet.ts
  - src/sdk/store.ts
  - src/sdk/user.ts
  - src/sdk/sdk.ts
  - .eslintrc.cjs
  - .npmignore
  - RUNTIMES.md
  - jsr.json
  - package.json
  - src/index.ts
  - src/lib/base64.ts
  - src/lib/config.ts
  - src/lib/encodings.ts
  - src/lib/http.ts
  - src/lib/is-plain-object.ts
  - src/lib/primitives.ts
  - src/lib/retries.ts
  - src/lib/schemas.ts
  - src/lib/sdks.ts
  - src/lib/security.ts
  - src/lib/url.ts
  - src/sdk/index.ts
  - src/models/errors/sdkerror.ts
  - src/models/errors/sdkvalidationerror.ts
  - src/types/blobs.ts
  - src/types/enums.ts
  - src/types/index.ts
  - src/types/operations.ts
  - src/types/rfcdate.ts
  - tsconfig.json
  - src/models/components/pet.ts
  - src/models/components/tag.ts
  - src/models/components/category.ts
  - src/models/components/apiresponse.ts
  - src/models/components/order.ts
  - src/models/components/user.ts
  - src/models/components/security.ts
  - src/models/errors/apierrorinvalidinput.ts
  - src/models/errors/apierrorunauthorized.ts
  - src/models/errors/apierrornotfound.ts
  - src/models/operations/findpetsbystatus.ts
  - src/models/operations/findpetsbytags.ts
  - src/models/operations/getpetbyid.ts
  - src/models/operations/deletepet.ts
  - src/models/operations/uploadfile.ts
  - src/models/operations/getorderbyid.ts
  - src/models/operations/deleteorder.ts
  - src/models/operations/loginuser.ts
  - src/models/operations/getuserbyname.ts
  - src/models/operations/updateuser.ts
  - src/models/operations/deleteuser.ts
  - src/models/errors/index.ts
  - src/models/components/index.ts
  - src/models/operations/index.ts
  - docs/models/components/status.md
  - docs/models/components/pet.md
  - docs/models/components/tag.md
  - docs/models/components/category.md
  - docs/models/components/apiresponse.md
  - docs/models/components/orderstatus.md
  - docs/models/components/order.md
  - docs/models/components/user.md
  - docs/models/components/security.md
  - docs/models/errors/apierrorinvalidinput.md
  - docs/models/errors/apierrorunauthorized.md
  - docs/models/errors/apierrornotfound.md
  - docs/models/operations/status.md
  - docs/models/operations/findpetsbystatusrequest.md
  - docs/models/operations/findpetsbytagsrequest.md
  - docs/models/operations/getpetbyidrequest.md
  - docs/models/operations/deletepetrequest.md
  - docs/models/operations/uploadfilerequest.md
  - docs/models/operations/getorderbyidrequest.md
  - docs/models/operations/deleteorderrequest.md
  - docs/models/operations/loginuserrequest.md
  - docs/models/operations/loginuserresponse.md
  - docs/models/operations/getuserbynamerequest.md
  - docs/models/operations/updateuserrequest.md
  - docs/models/operations/deleteuserrequest.md
  - docs/sdks/ryts/README.md
  - docs/sdks/pet/README.md
  - docs/sdks/store/README.md
  - docs/sdks/user/README.md
  - USAGE.md
  - .gitattributes
  - .devcontainer/README.md
  - .devcontainer/devcontainer.json
  - .devcontainer/setup.sh
  - src/hooks/hooks.ts
  - src/hooks/types.ts
  - src/hooks/index.ts
