speakeasyVersion: 1.322.3
sources:
    sample-source:
        sourceNamespace: sample-source
        sourceRevisionDigest: sha256:ef85e423f74bc942c872049716f206b8612d58d8d7ecb944af9c2b18dbd75b16
        sourceBlobDigest: sha256:849ab95113a7a54b7944402c86e88af54754f8ef15f449005e30ca17bac3f5a0
        tags:
            - latest
            - main
targets:
    ry-ts:
        source: sample-source
        sourceNamespace: sample-source
        sourceRevisionDigest: sha256:ef85e423f74bc942c872049716f206b8612d58d8d7ecb944af9c2b18dbd75b16
        sourceBlobDigest: sha256:849ab95113a7a54b7944402c86e88af54754f8ef15f449005e30ca17bac3f5a0
        outLocation: /github/workspace/repo
workflow:
    workflowVersion: 1.0.0
    speakeasyVersion: latest
    sources:
        sample-source:
            inputs:
                - location: openapi.yaml
            registry:
                location: registry.speakeasyapi.dev/ryan-local/ryan-telemetry/sample-source
    targets:
        ry-ts:
            target: typescript
            source: sample-source
            publish:
                npm:
                    token: $npm_token
