speakeasyVersion: 1.321.0
sources:
    sample-source:
        sourceNamespace: sample-source
        sourceRevisionDigest: sha256:8cbcf1f2a768392a6c9293de0a52f45efe23837a59f05538c2a9cd8ea42b4eed
        sourceBlobDigest: sha256:849ab95113a7a54b7944402c86e88af54754f8ef15f449005e30ca17bac3f5a0
        tags:
            - latest
            - main
targets:
    ry-ts:
        source: sample-source
        sourceNamespace: sample-source
        sourceRevisionDigest: sha256:8cbcf1f2a768392a6c9293de0a52f45efe23837a59f05538c2a9cd8ea42b4eed
        sourceBlobDigest: sha256:849ab95113a7a54b7944402c86e88af54754f8ef15f449005e30ca17bac3f5a0
        outLocation: /github/workspace/repo
workflow:
    workflowVersion: 1.0.0
    speakeasyVersion: latest
    sources:
        sample-source:
            inputs:
                - location: openapi.yaml
            registry:
                location: registry.speakeasyapi.dev/ryan-local/ryan-telemetry/sample-source
    targets:
        ry-ts:
            target: typescript
            source: sample-source
            publish:
                npm:
                    token: $npm_token
